
Microsoft Visual Studio Solution File, Format Version 12.00
# Visual Studio Version 16
VisualStudioVersion = 16.0.31702.278
MinimumVisualStudioVersion = 10.0.40219.1
Project("{FAE04EC0-301F-11D3-BF4B-00C04F79EFBC}") = "adminlibrary", "adminlibrary\adminlibrary.csproj", "{BAC61869-BB73-4B99-88B3-C6F8938646FB}"
EndProject
Global
	GlobalSection(SolutionConfigurationPlatforms) = preSolution
		Debug|Any CPU = Debug|Any CPU
		Release|Any CPU = Release|Any CPU
	EndGlobalSection
	GlobalSection(ProjectConfigurationPlatforms) = postSolution
		{BAC61869-BB73-4B99-88B3-C6F8938646FB}.Debug|Any CPU.ActiveCfg = Debug|Any CPU
		{BAC61869-BB73-4B99-88B3-C6F8938646FB}.Debug|Any CPU.Build.0 = Debug|Any CPU
		{BAC61869-BB73-4B99-88B3-C6F8938646FB}.Release|Any CPU.ActiveCfg = Release|Any CPU
		{BAC61869-BB73-4B99-88B3-C6F8938646FB}.Release|Any CPU.Build.0 = Release|Any CPU
	EndGlobalSection
	GlobalSection(SolutionProperties) = preSolution
		HideSolutionNode = FALSE
	EndGlobalSection
	GlobalSection(ExtensibilityGlobals) = postSolution
		SolutionGuid = {CF55997D-EB89-4A12-8232-37A1A3794248}
	EndGlobalSection
EndGlobal
